
Microsoft Visual Studio Solution File, Format Version 12.00
# Visual Studio Version 17
VisualStudioVersion = 17.2.32602.215
MinimumVisualStudioVersion = 10.0.40219.1
Project("{9A19103F-16F7-4668-BE54-9A1E7A4F7556}") = "HolidaySearchOTB", "HolidaySearchOTB.csproj", "{AE7744DA-8F30-4936-9153-2AF0599F1598}"
EndProject
Project("{9A19103F-16F7-4668-BE54-9A1E7A4F7556}") = "HolidaySearchTests", "..\HolidaySearchTests\HolidaySearchTests.csproj", "{13683C34-5473-4596-8A92-0B7B9855E2C9}"
EndProject
Global
	GlobalSection(SolutionConfigurationPlatforms) = preSolution
		Debug|Any CPU = Debug|Any CPU
		Release|Any CPU = Release|Any CPU
	EndGlobalSection
	GlobalSection(ProjectConfigurationPlatforms) = postSolution
		{AE7744DA-8F30-4936-9153-2AF0599F1598}.Debug|Any CPU.ActiveCfg = Debug|Any CPU
		{AE7744DA-8F30-4936-9153-2AF0599F1598}.Debug|Any CPU.Build.0 = Debug|Any CPU
		{AE7744DA-8F30-4936-9153-2AF0599F1598}.Release|Any CPU.ActiveCfg = Release|Any CPU
		{AE7744DA-8F30-4936-9153-2AF0599F1598}.Release|Any CPU.Build.0 = Release|Any CPU
		{13683C34-5473-4596-8A92-0B7B9855E2C9}.Debug|Any CPU.ActiveCfg = Debug|Any CPU
		{13683C34-5473-4596-8A92-0B7B9855E2C9}.Debug|Any CPU.Build.0 = Debug|Any CPU
		{13683C34-5473-4596-8A92-0B7B9855E2C9}.Release|Any CPU.ActiveCfg = Release|Any CPU
		{13683C34-5473-4596-8A92-0B7B9855E2C9}.Release|Any CPU.Build.0 = Release|Any CPU
	EndGlobalSection
	GlobalSection(SolutionProperties) = preSolution
		HideSolutionNode = FALSE
	EndGlobalSection
	GlobalSection(ExtensibilityGlobals) = postSolution
		SolutionGuid = {43363FC5-1895-4C28-B748-C2BC96AA5D69}
	EndGlobalSection
EndGlobal
